
Microsoft Visual Studio Solution File, Format Version 12.00
# Visual Studio Version 17
VisualStudioVersion = 17.9.34714.143
MinimumVisualStudioVersion = 10.0.40219.1
Project("{9A19103F-16F7-4668-BE54-9A1E7A4F7556}") = "ReactApp.Server", "ReactApp.Server\ReactApp.Server.csproj", "{B3428A16-AEFD-4254-9A5B-1331E8864C6D}"
EndProject
Project("{54A90642-561A-4BB1-A94E-469ADEE60C69}") = "reactapp.client", "reactapp.client\reactapp.client.esproj", "{BA82C8B3-0EB1-4FE0-A724-3C779BFB0562}"
EndProject
Project("{9A19103F-16F7-4668-BE54-9A1E7A4F7556}") = "UpdateRecivingTelegramBot", "UpdateRecivingTelegramBot\UpdateRecivingTelegramBot.csproj", "{ECA9DABA-C8F0-4A89-AB31-0ED2EFBBB06D}"
EndProject
Global
	GlobalSection(SolutionConfigurationPlatforms) = preSolution
		Debug|Any CPU = Debug|Any CPU
		Release|Any CPU = Release|Any CPU
	EndGlobalSection
	GlobalSection(ProjectConfigurationPlatforms) = postSolution
		{B3428A16-AEFD-4254-9A5B-1331E8864C6D}.Debug|Any CPU.ActiveCfg = Debug|Any CPU
		{B3428A16-AEFD-4254-9A5B-1331E8864C6D}.Debug|Any CPU.Build.0 = Debug|Any CPU
		{B3428A16-AEFD-4254-9A5B-1331E8864C6D}.Release|Any CPU.ActiveCfg = Release|Any CPU
		{B3428A16-AEFD-4254-9A5B-1331E8864C6D}.Release|Any CPU.Build.0 = Release|Any CPU
		{BA82C8B3-0EB1-4FE0-A724-3C779BFB0562}.Debug|Any CPU.ActiveCfg = Debug|Any CPU
		{BA82C8B3-0EB1-4FE0-A724-3C779BFB0562}.Debug|Any CPU.Build.0 = Debug|Any CPU
		{BA82C8B3-0EB1-4FE0-A724-3C779BFB0562}.Debug|Any CPU.Deploy.0 = Debug|Any CPU
		{BA82C8B3-0EB1-4FE0-A724-3C779BFB0562}.Release|Any CPU.ActiveCfg = Release|Any CPU
		{BA82C8B3-0EB1-4FE0-A724-3C779BFB0562}.Release|Any CPU.Build.0 = Release|Any CPU
		{BA82C8B3-0EB1-4FE0-A724-3C779BFB0562}.Release|Any CPU.Deploy.0 = Release|Any CPU
		{ECA9DABA-C8F0-4A89-AB31-0ED2EFBBB06D}.Debug|Any CPU.ActiveCfg = Debug|Any CPU
		{ECA9DABA-C8F0-4A89-AB31-0ED2EFBBB06D}.Debug|Any CPU.Build.0 = Debug|Any CPU
		{ECA9DABA-C8F0-4A89-AB31-0ED2EFBBB06D}.Release|Any CPU.ActiveCfg = Release|Any CPU
		{ECA9DABA-C8F0-4A89-AB31-0ED2EFBBB06D}.Release|Any CPU.Build.0 = Release|Any CPU
	EndGlobalSection
	GlobalSection(SolutionProperties) = preSolution
		HideSolutionNode = FALSE
	EndGlobalSection
	GlobalSection(ExtensibilityGlobals) = postSolution
		SolutionGuid = {FBFFA561-1B08-432E-ADAD-ABA9CB57A9D9}
	EndGlobalSection
EndGlobal
